
Microsoft Visual Studio Solution File, Format Version 12.00
# Visual Studio Version 17
VisualStudioVersion = 17.5.33530.505
MinimumVisualStudioVersion = 10.0.40219.1
Project("{2150E333-8FDC-42A3-9474-1A3956D46DE8}") = "Core", "Core", "{37AB1EAC-93C8-4E25-A46B-8CC6D662EA63}"
EndProject
Project("{FAE04EC0-301F-11D3-BF4B-00C04F79EFBC}") = "AutoGallery.Domain", "Core\AutoGallery.Domain\AutoGallery.Domain.csproj", "{592BBA63-F963-482F-A0D9-8FFE0B9BC814}"
EndProject
Global
	GlobalSection(SolutionConfigurationPlatforms) = preSolution
		Debug|Any CPU = Debug|Any CPU
		Release|Any CPU = Release|Any CPU
	EndGlobalSection
	GlobalSection(ProjectConfigurationPlatforms) = postSolution
		{592BBA63-F963-482F-A0D9-8FFE0B9BC814}.Debug|Any CPU.ActiveCfg = Debug|Any CPU
		{592BBA63-F963-482F-A0D9-8FFE0B9BC814}.Debug|Any CPU.Build.0 = Debug|Any CPU
		{592BBA63-F963-482F-A0D9-8FFE0B9BC814}.Release|Any CPU.ActiveCfg = Release|Any CPU
		{592BBA63-F963-482F-A0D9-8FFE0B9BC814}.Release|Any CPU.Build.0 = Release|Any CPU
	EndGlobalSection
	GlobalSection(SolutionProperties) = preSolution
		HideSolutionNode = FALSE
	EndGlobalSection
	GlobalSection(NestedProjects) = preSolution
		{592BBA63-F963-482F-A0D9-8FFE0B9BC814} = {37AB1EAC-93C8-4E25-A46B-8CC6D662EA63}
	EndGlobalSection
	GlobalSection(ExtensibilityGlobals) = postSolution
		SolutionGuid = {8BA729C9-FBE1-4EBA-84AD-699B87992B9C}
	EndGlobalSection
EndGlobal
